
Microsoft Visual Studio Solution File, Format Version 12.00
# Visual Studio Version 16
VisualStudioVersion = 16.0.31129.286
MinimumVisualStudioVersion = 10.0.40219.1
Project("{9A19103F-16F7-4668-BE54-9A1E7A4F7556}") = "Klasses", "Klasses\Klasses.csproj", "{E0BB039D-43FD-4C5A-AA37-E9E28AB0C630}"
EndProject
Project("{9A19103F-16F7-4668-BE54-9A1E7A4F7556}") = "RapportModule", "RapportModule\RapportModule.csproj", "{5CB67AD0-E493-449E-83C5-645132ED71EA}"
EndProject
Project("{9A19103F-16F7-4668-BE54-9A1E7A4F7556}") = "Nummers", "Nummers\Nummers.csproj", "{0EC57E1A-5449-4F8C-A8EE-C74C81228C4B}"
EndProject
Project("{9A19103F-16F7-4668-BE54-9A1E7A4F7556}") = "Studentklasse", "Studentklasse\Studentklasse.csproj", "{C6ACE6A2-9F6B-407A-890D-183D733B6DB1}"
EndProject
Project("{9A19103F-16F7-4668-BE54-9A1E7A4F7556}") = "PizzaTime", "PizzaTime\PizzaTime.csproj", "{401F809C-BB92-4279-8F0A-54E85EEB29C7}"
EndProject
Project("{9A19103F-16F7-4668-BE54-9A1E7A4F7556}") = "Figuren", "Figuren\Figuren.csproj", "{B8CE70AA-8AA9-43B7-9B54-D4E398E20B46}"
EndProject
Project("{9A19103F-16F7-4668-BE54-9A1E7A4F7556}") = "Sportspeler", "Sportspeler\Sportspeler.csproj", "{852BF3B0-471C-4CDF-9185-AFEEFAE7E2E2}"
EndProject
Project("{9A19103F-16F7-4668-BE54-9A1E7A4F7556}") = "BankManager", "BankManager\BankManager.csproj", "{78E998E2-0A22-48D8-B594-AA2ADDE55197}"
EndProject
Project("{9A19103F-16F7-4668-BE54-9A1E7A4F7556}") = "Pokémon", "Pokémon\Pokémon.csproj", "{35C2B24B-7BF0-4EC1-916D-AD0A355A5E61}"
EndProject
Project("{9A19103F-16F7-4668-BE54-9A1E7A4F7556}") = "Meetlat", "Meetlat\Meetlat.csproj", "{94146D3D-BB6B-4376-93B9-09246E76622B}"
EndProject
Project("{9A19103F-16F7-4668-BE54-9A1E7A4F7556}") = "Pokémon Tester", "Pokémon Tester\Pokémon Tester.csproj", "{2377D3DB-6E9B-45D4-9744-6AC07CAE3236}"
EndProject
Project("{9A19103F-16F7-4668-BE54-9A1E7A4F7556}") = "Pokémon-battler", "Pokémon-battler\Pokémon-battler.csproj", "{D8697755-BEB0-4DF1-80F8-FF5762BC58A4}"
EndProject
Project("{9A19103F-16F7-4668-BE54-9A1E7A4F7556}") = "Prijzen met foreach", "Prijzen met foreach\Prijzen met foreach.csproj", "{4523F788-3D03-4997-8CD8-E8C374564041}"
EndProject
Project("{9A19103F-16F7-4668-BE54-9A1E7A4F7556}") = "Speelkaarten", "Speelkaarten\Speelkaarten.csproj", "{B8130460-E25C-4FAC-95F4-7514B3B32935}"
EndProject
Project("{9A19103F-16F7-4668-BE54-9A1E7A4F7556}") = "Student Organizer", "Student Organizer\Student Organizer.csproj", "{C1123C9A-A238-4557-A872-3760823D5754}"
EndProject
Project("{9A19103F-16F7-4668-BE54-9A1E7A4F7556}") = "Bookmark Manager", "Bookmark Manager\Bookmark Manager.csproj", "{723F6808-D4BF-4AAB-811D-810BD951B322}"
EndProject
Project("{9A19103F-16F7-4668-BE54-9A1E7A4F7556}") = "Digitale kluis", "Digitale kluis\Digitale kluis.csproj", "{CF7FB81B-D286-4D2F-8F57-0E5A8FB7BE8E}"
EndProject
Project("{9A19103F-16F7-4668-BE54-9A1E7A4F7556}") = "Meetlat constructor", "Meetlat constructor\Meetlat constructor.csproj", "{FF9E2AB7-B8CA-4D37-9C13-398F02C20678}"
EndProject
Project("{9A19103F-16F7-4668-BE54-9A1E7A4F7556}") = "Pokemon deel2", "Pokemon extra\Pokemon deel2.csproj", "{4F60D10F-E092-441B-81DC-8A9F4F30288A}"
EndProject
Project("{9A19103F-16F7-4668-BE54-9A1E7A4F7556}") = "Sport simulator", "Sport simulator\Sport simulator.csproj", "{23CA6BAF-A7DC-49E0-8AFB-15B9F0A79089}"
EndProject
Project("{9A19103F-16F7-4668-BE54-9A1E7A4F7556}") = "Ballspel met overerving", "Ballspel met overerving\Ballspel met overerving.csproj", "{91EC36D7-2338-47D2-BCA4-6257764C19ED}"
EndProject
Project("{9A19103F-16F7-4668-BE54-9A1E7A4F7556}") = "Ziekenhuis", "Ziekenhuis\Ziekenhuis.csproj", "{1702DD05-4202-466E-8B17-457791D0662D}"
EndProject
Project("{9A19103F-16F7-4668-BE54-9A1E7A4F7556}") = "Het dierenrijk", "Het dierenrijk\Het dierenrijk.csproj", "{AD80AE80-CF88-4602-B166-D681F735A6C1}"
EndProject
Project("{9A19103F-16F7-4668-BE54-9A1E7A4F7556}") = "PokemonExtra", "PokemonExtra\PokemonExtra.csproj", "{B4059F19-3D95-4A5C-8AF9-CBB970459A42}"
EndProject
Project("{9A19103F-16F7-4668-BE54-9A1E7A4F7556}") = "Book", "Book\Book.csproj", "{F47A2BF8-8F10-45D7-9B77-14DBD98BAA66}"
EndProject
Project("{9A19103F-16F7-4668-BE54-9A1E7A4F7556}") = "Money", "Money\Money.csproj", "{64711F6B-06C9-4AAD-A445-B9C1C03E6A67}"
EndProject
Project("{9A19103F-16F7-4668-BE54-9A1E7A4F7556}") = "Geometric figures", "Geometric figures\Geometric figures.csproj", "{B1A17726-1439-4536-B123-FEC9A597BA59}"
EndProject
Project("{9A19103F-16F7-4668-BE54-9A1E7A4F7556}") = "Dierentuin", "Dierentuin\Dierentuin.csproj", "{73B3AE02-D7EF-4AAA-B80B-424F53FB7C09}"
EndProject
Project("{FAE04EC0-301F-11D3-BF4B-00C04F79EFBC}") = "Uml naar code", "Uml naar code\Uml naar code.csproj", "{B68452A5-A7C7-478E-BA7A-499AE9B3CDBD}"
EndProject
Project("{FAE04EC0-301F-11D3-BF4B-00C04F79EFBC}") = "Politiek", "Politiek\Politiek.csproj", "{918813A4-3C6C-4BAD-86C3-15590C8A7937}"
EndProject
Project("{FAE04EC0-301F-11D3-BF4B-00C04F79EFBC}") = "Moederbord", "Moederbord\Moederbord.csproj", "{20D7CB59-3E24-434D-8CF2-B712426BF9F8}"
EndProject
Project("{FAE04EC0-301F-11D3-BF4B-00C04F79EFBC}") = "Een eigen huis", "Een eigen huis\Een eigen huis.csproj", "{63C69BC0-AB9B-4F49-A6B4-2C021904CE8C}"
EndProject
Project("{FAE04EC0-301F-11D3-BF4B-00C04F79EFBC}") = "Textbased RPG", "Textbased RPG\Textbased RPG.csproj", "{6ADEADA5-E3D4-44BC-8434-07611898746D}"
EndProject
Global
	GlobalSection(SolutionConfigurationPlatforms) = preSolution
		Debug|Any CPU = Debug|Any CPU
		Release|Any CPU = Release|Any CPU
	EndGlobalSection
	GlobalSection(ProjectConfigurationPlatforms) = postSolution
		{E0BB039D-43FD-4C5A-AA37-E9E28AB0C630}.Debug|Any CPU.ActiveCfg = Debug|Any CPU
		{E0BB039D-43FD-4C5A-AA37-E9E28AB0C630}.Debug|Any CPU.Build.0 = Debug|Any CPU
		{E0BB039D-43FD-4C5A-AA37-E9E28AB0C630}.Release|Any CPU.ActiveCfg = Release|Any CPU
		{E0BB039D-43FD-4C5A-AA37-E9E28AB0C630}.Release|Any CPU.Build.0 = Release|Any CPU
		{5CB67AD0-E493-449E-83C5-645132ED71EA}.Debug|Any CPU.ActiveCfg = Debug|Any CPU
		{5CB67AD0-E493-449E-83C5-645132ED71EA}.Debug|Any CPU.Build.0 = Debug|Any CPU
		{5CB67AD0-E493-449E-83C5-645132ED71EA}.Release|Any CPU.ActiveCfg = Release|Any CPU
		{5CB67AD0-E493-449E-83C5-645132ED71EA}.Release|Any CPU.Build.0 = Release|Any CPU
		{0EC57E1A-5449-4F8C-A8EE-C74C81228C4B}.Debug|Any CPU.ActiveCfg = Debug|Any CPU
		{0EC57E1A-5449-4F8C-A8EE-C74C81228C4B}.Debug|Any CPU.Build.0 = Debug|Any CPU
		{0EC57E1A-5449-4F8C-A8EE-C74C81228C4B}.Release|Any CPU.ActiveCfg = Release|Any CPU
		{0EC57E1A-5449-4F8C-A8EE-C74C81228C4B}.Release|Any CPU.Build.0 = Release|Any CPU
		{C6ACE6A2-9F6B-407A-890D-183D733B6DB1}.Debug|Any CPU.ActiveCfg = Debug|Any CPU
		{C6ACE6A2-9F6B-407A-890D-183D733B6DB1}.Debug|Any CPU.Build.0 = Debug|Any CPU
		{C6ACE6A2-9F6B-407A-890D-183D733B6DB1}.Release|Any CPU.ActiveCfg = Release|Any CPU
		{C6ACE6A2-9F6B-407A-890D-183D733B6DB1}.Release|Any CPU.Build.0 = Release|Any CPU
		{401F809C-BB92-4279-8F0A-54E85EEB29C7}.Debug|Any CPU.ActiveCfg = Debug|Any CPU
		{401F809C-BB92-4279-8F0A-54E85EEB29C7}.Debug|Any CPU.Build.0 = Debug|Any CPU
		{401F809C-BB92-4279-8F0A-54E85EEB29C7}.Release|Any CPU.ActiveCfg = Release|Any CPU
		{401F809C-BB92-4279-8F0A-54E85EEB29C7}.Release|Any CPU.Build.0 = Release|Any CPU
		{B8CE70AA-8AA9-43B7-9B54-D4E398E20B46}.Debug|Any CPU.ActiveCfg = Debug|Any CPU
		{B8CE70AA-8AA9-43B7-9B54-D4E398E20B46}.Debug|Any CPU.Build.0 = Debug|Any CPU
		{B8CE70AA-8AA9-43B7-9B54-D4E398E20B46}.Release|Any CPU.ActiveCfg = Release|Any CPU
		{B8CE70AA-8AA9-43B7-9B54-D4E398E20B46}.Release|Any CPU.Build.0 = Release|Any CPU
		{852BF3B0-471C-4CDF-9185-AFEEFAE7E2E2}.Debug|Any CPU.ActiveCfg = Debug|Any CPU
		{852BF3B0-471C-4CDF-9185-AFEEFAE7E2E2}.Debug|Any CPU.Build.0 = Debug|Any CPU
		{852BF3B0-471C-4CDF-9185-AFEEFAE7E2E2}.Release|Any CPU.ActiveCfg = Release|Any CPU
		{852BF3B0-471C-4CDF-9185-AFEEFAE7E2E2}.Release|Any CPU.Build.0 = Release|Any CPU
		{78E998E2-0A22-48D8-B594-AA2ADDE55197}.Debug|Any CPU.ActiveCfg = Debug|Any CPU
		{78E998E2-0A22-48D8-B594-AA2ADDE55197}.Debug|Any CPU.Build.0 = Debug|Any CPU
		{78E998E2-0A22-48D8-B594-AA2ADDE55197}.Release|Any CPU.ActiveCfg = Release|Any CPU
		{78E998E2-0A22-48D8-B594-AA2ADDE55197}.Release|Any CPU.Build.0 = Release|Any CPU
		{35C2B24B-7BF0-4EC1-916D-AD0A355A5E61}.Debug|Any CPU.ActiveCfg = Debug|Any CPU
		{35C2B24B-7BF0-4EC1-916D-AD0A355A5E61}.Debug|Any CPU.Build.0 = Debug|Any CPU
		{35C2B24B-7BF0-4EC1-916D-AD0A355A5E61}.Release|Any CPU.ActiveCfg = Release|Any CPU
		{35C2B24B-7BF0-4EC1-916D-AD0A355A5E61}.Release|Any CPU.Build.0 = Release|Any CPU
		{94146D3D-BB6B-4376-93B9-09246E76622B}.Debug|Any CPU.ActiveCfg = Debug|Any CPU
		{94146D3D-BB6B-4376-93B9-09246E76622B}.Debug|Any CPU.Build.0 = Debug|Any CPU
		{94146D3D-BB6B-4376-93B9-09246E76622B}.Release|Any CPU.ActiveCfg = Release|Any CPU
		{94146D3D-BB6B-4376-93B9-09246E76622B}.Release|Any CPU.Build.0 = Release|Any CPU
		{2377D3DB-6E9B-45D4-9744-6AC07CAE3236}.Debug|Any CPU.ActiveCfg = Debug|Any CPU
		{2377D3DB-6E9B-45D4-9744-6AC07CAE3236}.Debug|Any CPU.Build.0 = Debug|Any CPU
		{2377D3DB-6E9B-45D4-9744-6AC07CAE3236}.Release|Any CPU.ActiveCfg = Release|Any CPU
		{2377D3DB-6E9B-45D4-9744-6AC07CAE3236}.Release|Any CPU.Build.0 = Release|Any CPU
		{D8697755-BEB0-4DF1-80F8-FF5762BC58A4}.Debug|Any CPU.ActiveCfg = Debug|Any CPU
		{D8697755-BEB0-4DF1-80F8-FF5762BC58A4}.Debug|Any CPU.Build.0 = Debug|Any CPU
		{D8697755-BEB0-4DF1-80F8-FF5762BC58A4}.Release|Any CPU.ActiveCfg = Release|Any CPU
		{D8697755-BEB0-4DF1-80F8-FF5762BC58A4}.Release|Any CPU.Build.0 = Release|Any CPU
		{4523F788-3D03-4997-8CD8-E8C374564041}.Debug|Any CPU.ActiveCfg = Debug|Any CPU
		{4523F788-3D03-4997-8CD8-E8C374564041}.Debug|Any CPU.Build.0 = Debug|Any CPU
		{4523F788-3D03-4997-8CD8-E8C374564041}.Release|Any CPU.ActiveCfg = Release|Any CPU
		{4523F788-3D03-4997-8CD8-E8C374564041}.Release|Any CPU.Build.0 = Release|Any CPU
		{B8130460-E25C-4FAC-95F4-7514B3B32935}.Debug|Any CPU.ActiveCfg = Debug|Any CPU
		{B8130460-E25C-4FAC-95F4-7514B3B32935}.Debug|Any CPU.Build.0 = Debug|Any CPU
		{B8130460-E25C-4FAC-95F4-7514B3B32935}.Release|Any CPU.ActiveCfg = Release|Any CPU
		{B8130460-E25C-4FAC-95F4-7514B3B32935}.Release|Any CPU.Build.0 = Release|Any CPU
		{C1123C9A-A238-4557-A872-3760823D5754}.Debug|Any CPU.ActiveCfg = Debug|Any CPU
		{C1123C9A-A238-4557-A872-3760823D5754}.Debug|Any CPU.Build.0 = Debug|Any CPU
		{C1123C9A-A238-4557-A872-3760823D5754}.Release|Any CPU.ActiveCfg = Release|Any CPU
		{C1123C9A-A238-4557-A872-3760823D5754}.Release|Any CPU.Build.0 = Release|Any CPU
		{723F6808-D4BF-4AAB-811D-810BD951B322}.Debug|Any CPU.ActiveCfg = Debug|Any CPU
		{723F6808-D4BF-4AAB-811D-810BD951B322}.Debug|Any CPU.Build.0 = Debug|Any CPU
		{723F6808-D4BF-4AAB-811D-810BD951B322}.Release|Any CPU.ActiveCfg = Release|Any CPU
		{723F6808-D4BF-4AAB-811D-810BD951B322}.Release|Any CPU.Build.0 = Release|Any CPU
		{CF7FB81B-D286-4D2F-8F57-0E5A8FB7BE8E}.Debug|Any CPU.ActiveCfg = Debug|Any CPU
		{CF7FB81B-D286-4D2F-8F57-0E5A8FB7BE8E}.Debug|Any CPU.Build.0 = Debug|Any CPU
		{CF7FB81B-D286-4D2F-8F57-0E5A8FB7BE8E}.Release|Any CPU.ActiveCfg = Release|Any CPU
		{CF7FB81B-D286-4D2F-8F57-0E5A8FB7BE8E}.Release|Any CPU.Build.0 = Release|Any CPU
		{FF9E2AB7-B8CA-4D37-9C13-398F02C20678}.Debug|Any CPU.ActiveCfg = Debug|Any CPU
		{FF9E2AB7-B8CA-4D37-9C13-398F02C20678}.Debug|Any CPU.Build.0 = Debug|Any CPU
		{FF9E2AB7-B8CA-4D37-9C13-398F02C20678}.Release|Any CPU.ActiveCfg = Release|Any CPU
		{FF9E2AB7-B8CA-4D37-9C13-398F02C20678}.Release|Any CPU.Build.0 = Release|Any CPU
		{4F60D10F-E092-441B-81DC-8A9F4F30288A}.Debug|Any CPU.ActiveCfg = Debug|Any CPU
		{4F60D10F-E092-441B-81DC-8A9F4F30288A}.Debug|Any CPU.Build.0 = Debug|Any CPU
		{4F60D10F-E092-441B-81DC-8A9F4F30288A}.Release|Any CPU.ActiveCfg = Release|Any CPU
		{4F60D10F-E092-441B-81DC-8A9F4F30288A}.Release|Any CPU.Build.0 = Release|Any CPU
		{23CA6BAF-A7DC-49E0-8AFB-15B9F0A79089}.Debug|Any CPU.ActiveCfg = Debug|Any CPU
		{23CA6BAF-A7DC-49E0-8AFB-15B9F0A79089}.Debug|Any CPU.Build.0 = Debug|Any CPU
		{23CA6BAF-A7DC-49E0-8AFB-15B9F0A79089}.Release|Any CPU.ActiveCfg = Release|Any CPU
		{23CA6BAF-A7DC-49E0-8AFB-15B9F0A79089}.Release|Any CPU.Build.0 = Release|Any CPU
		{91EC36D7-2338-47D2-BCA4-6257764C19ED}.Debug|Any CPU.ActiveCfg = Debug|Any CPU
		{91EC36D7-2338-47D2-BCA4-6257764C19ED}.Debug|Any CPU.Build.0 = Debug|Any CPU
		{91EC36D7-2338-47D2-BCA4-6257764C19ED}.Release|Any CPU.ActiveCfg = Release|Any CPU
		{91EC36D7-2338-47D2-BCA4-6257764C19ED}.Release|Any CPU.Build.0 = Release|Any CPU
		{1702DD05-4202-466E-8B17-457791D0662D}.Debug|Any CPU.ActiveCfg = Debug|Any CPU
		{1702DD05-4202-466E-8B17-457791D0662D}.Debug|Any CPU.Build.0 = Debug|Any CPU
		{1702DD05-4202-466E-8B17-457791D0662D}.Release|Any CPU.ActiveCfg = Release|Any CPU
		{1702DD05-4202-466E-8B17-457791D0662D}.Release|Any CPU.Build.0 = Release|Any CPU
		{AD80AE80-CF88-4602-B166-D681F735A6C1}.Debug|Any CPU.ActiveCfg = Debug|Any CPU
		{AD80AE80-CF88-4602-B166-D681F735A6C1}.Debug|Any CPU.Build.0 = Debug|Any CPU
		{AD80AE80-CF88-4602-B166-D681F735A6C1}.Release|Any CPU.ActiveCfg = Release|Any CPU
		{AD80AE80-CF88-4602-B166-D681F735A6C1}.Release|Any CPU.Build.0 = Release|Any CPU
		{B4059F19-3D95-4A5C-8AF9-CBB970459A42}.Debug|Any CPU.ActiveCfg = Debug|Any CPU
		{B4059F19-3D95-4A5C-8AF9-CBB970459A42}.Debug|Any CPU.Build.0 = Debug|Any CPU
		{B4059F19-3D95-4A5C-8AF9-CBB970459A42}.Release|Any CPU.ActiveCfg = Release|Any CPU
		{B4059F19-3D95-4A5C-8AF9-CBB970459A42}.Release|Any CPU.Build.0 = Release|Any CPU
		{F47A2BF8-8F10-45D7-9B77-14DBD98BAA66}.Debug|Any CPU.ActiveCfg = Debug|Any CPU
		{F47A2BF8-8F10-45D7-9B77-14DBD98BAA66}.Debug|Any CPU.Build.0 = Debug|Any CPU
		{F47A2BF8-8F10-45D7-9B77-14DBD98BAA66}.Release|Any CPU.ActiveCfg = Release|Any CPU
		{F47A2BF8-8F10-45D7-9B77-14DBD98BAA66}.Release|Any CPU.Build.0 = Release|Any CPU
		{64711F6B-06C9-4AAD-A445-B9C1C03E6A67}.Debug|Any CPU.ActiveCfg = Debug|Any CPU
		{64711F6B-06C9-4AAD-A445-B9C1C03E6A67}.Debug|Any CPU.Build.0 = Debug|Any CPU
		{64711F6B-06C9-4AAD-A445-B9C1C03E6A67}.Release|Any CPU.ActiveCfg = Release|Any CPU
		{64711F6B-06C9-4AAD-A445-B9C1C03E6A67}.Release|Any CPU.Build.0 = Release|Any CPU
		{B1A17726-1439-4536-B123-FEC9A597BA59}.Debug|Any CPU.ActiveCfg = Debug|Any CPU
		{B1A17726-1439-4536-B123-FEC9A597BA59}.Debug|Any CPU.Build.0 = Debug|Any CPU
		{B1A17726-1439-4536-B123-FEC9A597BA59}.Release|Any CPU.ActiveCfg = Release|Any CPU
		{B1A17726-1439-4536-B123-FEC9A597BA59}.Release|Any CPU.Build.0 = Release|Any CPU
		{73B3AE02-D7EF-4AAA-B80B-424F53FB7C09}.Debug|Any CPU.ActiveCfg = Debug|Any CPU
		{73B3AE02-D7EF-4AAA-B80B-424F53FB7C09}.Debug|Any CPU.Build.0 = Debug|Any CPU
		{73B3AE02-D7EF-4AAA-B80B-424F53FB7C09}.Release|Any CPU.ActiveCfg = Release|Any CPU
		{73B3AE02-D7EF-4AAA-B80B-424F53FB7C09}.Release|Any CPU.Build.0 = Release|Any CPU
		{B68452A5-A7C7-478E-BA7A-499AE9B3CDBD}.Debug|Any CPU.ActiveCfg = Debug|Any CPU
		{B68452A5-A7C7-478E-BA7A-499AE9B3CDBD}.Debug|Any CPU.Build.0 = Debug|Any CPU
		{B68452A5-A7C7-478E-BA7A-499AE9B3CDBD}.Release|Any CPU.ActiveCfg = Release|Any CPU
		{B68452A5-A7C7-478E-BA7A-499AE9B3CDBD}.Release|Any CPU.Build.0 = Release|Any CPU
		{918813A4-3C6C-4BAD-86C3-15590C8A7937}.Debug|Any CPU.ActiveCfg = Debug|Any CPU
		{918813A4-3C6C-4BAD-86C3-15590C8A7937}.Debug|Any CPU.Build.0 = Debug|Any CPU
		{918813A4-3C6C-4BAD-86C3-15590C8A7937}.Release|Any CPU.ActiveCfg = Release|Any CPU
		{918813A4-3C6C-4BAD-86C3-15590C8A7937}.Release|Any CPU.Build.0 = Release|Any CPU
		{20D7CB59-3E24-434D-8CF2-B712426BF9F8}.Debug|Any CPU.ActiveCfg = Debug|Any CPU
		{20D7CB59-3E24-434D-8CF2-B712426BF9F8}.Debug|Any CPU.Build.0 = Debug|Any CPU
		{20D7CB59-3E24-434D-8CF2-B712426BF9F8}.Release|Any CPU.ActiveCfg = Release|Any CPU
		{20D7CB59-3E24-434D-8CF2-B712426BF9F8}.Release|Any CPU.Build.0 = Release|Any CPU
		{63C69BC0-AB9B-4F49-A6B4-2C021904CE8C}.Debug|Any CPU.ActiveCfg = Debug|Any CPU
		{63C69BC0-AB9B-4F49-A6B4-2C021904CE8C}.Debug|Any CPU.Build.0 = Debug|Any CPU
		{63C69BC0-AB9B-4F49-A6B4-2C021904CE8C}.Release|Any CPU.ActiveCfg = Release|Any CPU
		{63C69BC0-AB9B-4F49-A6B4-2C021904CE8C}.Release|Any CPU.Build.0 = Release|Any CPU
		{6ADEADA5-E3D4-44BC-8434-07611898746D}.Debug|Any CPU.ActiveCfg = Debug|Any CPU
		{6ADEADA5-E3D4-44BC-8434-07611898746D}.Debug|Any CPU.Build.0 = Debug|Any CPU
		{6ADEADA5-E3D4-44BC-8434-07611898746D}.Release|Any CPU.ActiveCfg = Release|Any CPU
		{6ADEADA5-E3D4-44BC-8434-07611898746D}.Release|Any CPU.Build.0 = Release|Any CPU
	EndGlobalSection
	GlobalSection(SolutionProperties) = preSolution
		HideSolutionNode = FALSE
	EndGlobalSection
	GlobalSection(ExtensibilityGlobals) = postSolution
		SolutionGuid = {E1FC585E-B6FA-41DF-996E-1EB523395BD7}
	EndGlobalSection
EndGlobal
